<?xml version="1.0" encoding="utf-8"?>
<Project ToolsVersion="14.0" xmlns="http://schemas.microsoft.com/developer/msbuild/2003">
  <ItemGroup>
    <ClCompile Include="..\..\src\TheoraAsync.cpp" />
    <ClCompile Include="..\..\src\TheoraAudioInterface.cpp" />
    <ClCompile Include="..\..\src\TheoraAudioPacketQueue.cpp" />
    <ClCompile Include="..\..\src\TheoraDataSource.cpp" />
    <ClCompile Include="..\..\src\TheoraException.cpp" />
    <ClCompile Include="..\..\src\TheoraFrameQueue.cpp" />
    <ClCompile Include="..\..\src\TheoraTimer.cpp" />
    <ClCompile Include="..\..\src\TheoraUtil.cpp" />
    <ClCompile Include="..\..\src\TheoraVideoClip.cpp" />
    <ClCompile Include="..\..\src\TheoraVideoFrame.cpp" />
    <ClCompile Include="..\..\src\TheoraVideoManager.cpp" />
    <ClCompile Include="..\..\src\TheoraWorkerThread.cpp" />
    <ClCompile Include="..\..\src\YUV\libyuv\src\compare.cc">
      <Filter>YUV</Filter>
    </ClCompile>
    <ClCompile Include="..\..\src\YUV\libyuv\src\compare_common.cc">
      <Filter>YUV</Filter>
    </ClCompile>
    <ClCompile Include="..\..\src\YUV\libyuv\src\compare_gcc.cc">
      <Filter>YUV</Filter>
    </ClCompile>
    <ClCompile Include="..\..\src\YUV\libyuv\src\compare_posix.cc">
      <Filter>YUV</Filter>
    </ClCompile>
    <ClCompile Include="..\..\src\YUV\libyuv\src\compare_win.cc">
      <Filter>YUV</Filter>
    </ClCompile>
    <ClCompile Include="..\..\src\YUV\libyuv\src\convert.cc">
      <Filter>YUV</Filter>
    </ClCompile>
    <ClCompile Include="..\..\src\YUV\libyuv\src\convert_argb.cc">
      <Filter>YUV</Filter>
    </ClCompile>
    <ClCompile Include="..\..\src\YUV\libyuv\src\convert_from.cc">
      <Filter>YUV</Filter>
    </ClCompile>
    <ClCompile Include="..\..\src\YUV\libyuv\src\convert_from_argb.cc">
      <Filter>YUV</Filter>
    </ClCompile>
    <ClCompile Include="..\..\src\YUV\libyuv\src\convert_jpeg.cc">
      <Filter>YUV</Filter>
    </ClCompile>
    <ClCompile Include="..\..\src\YUV\libyuv\src\convert_to_argb.cc">
      <Filter>YUV</Filter>
    </ClCompile>
    <ClCompile Include="..\..\src\YUV\libyuv\src\convert_to_i420.cc">
      <Filter>YUV</Filter>
    </ClCompile>
    <ClCompile Include="..\..\src\YUV\libyuv\src\cpu_id.cc">
      <Filter>YUV</Filter>
    </ClCompile>
    <ClCompile Include="..\..\src\YUV\libyuv\src\mjpeg_decoder.cc">
      <Filter>YUV</Filter>
    </ClCompile>
    <ClCompile Include="..\..\src\YUV\libyuv\src\mjpeg_validate.cc">
      <Filter>YUV</Filter>
    </ClCompile>
    <ClCompile Include="..\..\src\YUV\libyuv\src\planar_functions.cc">
      <Filter>YUV</Filter>
    </ClCompile>
    <ClCompile Include="..\..\src\YUV\libyuv\src\rotate.cc">
      <Filter>YUV</Filter>
    </ClCompile>
    <ClCompile Include="..\..\src\YUV\libyuv\src\rotate_argb.cc">
      <Filter>YUV</Filter>
    </ClCompile>
    <ClCompile Include="..\..\src\YUV\libyuv\src\rotate_mips.cc">
      <Filter>YUV</Filter>
    </ClCompile>
    <ClCompile Include="..\..\src\YUV\libyuv\src\rotate_neon.cc">
      <Filter>YUV</Filter>
    </ClCompile>
    <ClCompile Include="..\..\src\YUV\libyuv\src\rotate_neon64.cc">
      <Filter>YUV</Filter>
    </ClCompile>
    <ClCompile Include="..\..\src\YUV\libyuv\src\row_any.cc">
      <Filter>YUV</Filter>
    </ClCompile>
    <ClCompile Include="..\..\src\YUV\libyuv\src\row_common.cc">
      <Filter>YUV</Filter>
    </ClCompile>
    <ClCompile Include="..\..\src\YUV\libyuv\src\row_gcc.cc">
      <Filter>YUV</Filter>
    </ClCompile>
    <ClCompile Include="..\..\src\YUV\libyuv\src\row_mips.cc">
      <Filter>YUV</Filter>
    </ClCompile>
    <ClCompile Include="..\..\src\YUV\libyuv\src\row_neon.cc">
      <Filter>YUV</Filter>
    </ClCompile>
    <ClCompile Include="..\..\src\YUV\libyuv\src\row_neon64.cc">
      <Filter>YUV</Filter>
    </ClCompile>
    <ClCompile Include="..\..\src\YUV\libyuv\src\row_posix.cc">
      <Filter>YUV</Filter>
    </ClCompile>
    <ClCompile Include="..\..\src\YUV\libyuv\src\row_win.cc">
      <Filter>YUV</Filter>
    </ClCompile>
    <ClCompile Include="..\..\src\YUV\libyuv\src\scale.cc">
      <Filter>YUV</Filter>
    </ClCompile>
    <ClCompile Include="..\..\src\YUV\libyuv\src\scale_any.cc">
      <Filter>YUV</Filter>
    </ClCompile>
    <ClCompile Include="..\..\src\YUV\libyuv\src\scale_argb.cc">
      <Filter>YUV</Filter>
    </ClCompile>
    <ClCompile Include="..\..\src\YUV\libyuv\src\scale_argb_neon.cc">
      <Filter>YUV</Filter>
    </ClCompile>
    <ClCompile Include="..\..\src\YUV\libyuv\src\scale_common.cc">
      <Filter>YUV</Filter>
    </ClCompile>
    <ClCompile Include="..\..\src\YUV\libyuv\src\scale_gcc.cc">
      <Filter>YUV</Filter>
    </ClCompile>
    <ClCompile Include="..\..\src\YUV\libyuv\src\scale_mips.cc">
      <Filter>YUV</Filter>
    </ClCompile>
    <ClCompile Include="..\..\src\YUV\libyuv\src\scale_neon.cc">
      <Filter>YUV</Filter>
    </ClCompile>
    <ClCompile Include="..\..\src\YUV\libyuv\src\scale_neon64.cc">
      <Filter>YUV</Filter>
    </ClCompile>
    <ClCompile Include="..\..\src\YUV\libyuv\src\scale_posix.cc">
      <Filter>YUV</Filter>
    </ClCompile>
    <ClCompile Include="..\..\src\YUV\libyuv\src\scale_win.cc">
      <Filter>YUV</Filter>
    </ClCompile>
    <ClCompile Include="..\..\src\YUV\libyuv\src\video_common.cc">
      <Filter>YUV</Filter>
    </ClCompile>
    <ClCompile Include="..\..\src\Theora\TheoraVideoClip_Theora.cpp">
      <Filter>Theora</Filter>
    </ClCompile>
  </ItemGroup>
  <ItemGroup>
    <Filter Include="YUV">
      <UniqueIdentifier>{f490ee2a-c4ea-47ec-81f6-234c4b2d6f58}</UniqueIdentifier>
    </Filter>
    <Filter Include="Theora">
      <UniqueIdentifier>{5d0e3813-474f-474e-970a-2c8dbe4b0a5f}</UniqueIdentifier>
    </Filter>
  </ItemGroup>
  <ItemGroup>
    <None Include="..\..\src\YUV\libyuv\src\row_x86.asm">
      <Filter>YUV</Filter>
    </None>
    <None Include="..\..\src\YUV\libyuv\src\x86inc.asm">
      <Filter>YUV</Filter>
    </None>
  </ItemGroup>
</Project>